
Microsoft Visual Studio Solution File, Format Version 12.00
# Visual Studio Version 16
VisualStudioVersion = 16.0.32510.428
MinimumVisualStudioVersion = 10.0.40219.1
Project("{FAE04EC0-301F-11D3-BF4B-00C04F79EFBC}") = "OnlineShoppingStore", "OnlineShoppingStore.csproj", "{BAEF6553-B832-4A18-820E-D2FB977A3278}"
EndProject
Global
	GlobalSection(SolutionConfigurationPlatforms) = preSolution
		Debug|Any CPU = Debug|Any CPU
		Debug|x64 = Debug|x64
		Release|Any CPU = Release|Any CPU
		Release|x64 = Release|x64
	EndGlobalSection
	GlobalSection(ProjectConfigurationPlatforms) = postSolution
		{BAEF6553-B832-4A18-820E-D2FB977A3278}.Debug|Any CPU.ActiveCfg = Debug|Any CPU
		{BAEF6553-B832-4A18-820E-D2FB977A3278}.Debug|Any CPU.Build.0 = Debug|Any CPU
		{BAEF6553-B832-4A18-820E-D2FB977A3278}.Debug|x64.ActiveCfg = Debug|x64
		{BAEF6553-B832-4A18-820E-D2FB977A3278}.Debug|x64.Build.0 = Debug|x64
		{BAEF6553-B832-4A18-820E-D2FB977A3278}.Release|Any CPU.ActiveCfg = Release|Any CPU
		{BAEF6553-B832-4A18-820E-D2FB977A3278}.Release|Any CPU.Build.0 = Release|Any CPU
		{BAEF6553-B832-4A18-820E-D2FB977A3278}.Release|x64.ActiveCfg = Release|x64
		{BAEF6553-B832-4A18-820E-D2FB977A3278}.Release|x64.Build.0 = Release|x64
	EndGlobalSection
	GlobalSection(SolutionProperties) = preSolution
		HideSolutionNode = FALSE
	EndGlobalSection
	GlobalSection(ExtensibilityGlobals) = postSolution
		SolutionGuid = {7E133BC2-3933-4081-ACFA-5479BA09373E}
	EndGlobalSection
EndGlobal
